
Microsoft Visual Studio Solution File, Format Version 12.00
# Visual Studio Version 17
VisualStudioVersion = 17.11.35327.3
MinimumVisualStudioVersion = 10.0.40219.1
Project("{FAE04EC0-301F-11D3-BF4B-00C04F79EFBC}") = "InterviewsApplication", "InterviewsApplication\InterviewsApplication.csproj", "{CC16732B-DBF5-4ACD-A752-5C1B5E7FACE0}"
EndProject
Global
	GlobalSection(SolutionConfigurationPlatforms) = preSolution
		Debug|Any CPU = Debug|Any CPU
		Release|Any CPU = Release|Any CPU
	EndGlobalSection
	GlobalSection(ProjectConfigurationPlatforms) = postSolution
		{CC16732B-DBF5-4ACD-A752-5C1B5E7FACE0}.Debug|Any CPU.ActiveCfg = Debug|Any CPU
		{CC16732B-DBF5-4ACD-A752-5C1B5E7FACE0}.Debug|Any CPU.Build.0 = Debug|Any CPU
		{CC16732B-DBF5-4ACD-A752-5C1B5E7FACE0}.Release|Any CPU.ActiveCfg = Release|Any CPU
		{CC16732B-DBF5-4ACD-A752-5C1B5E7FACE0}.Release|Any CPU.Build.0 = Release|Any CPU
	EndGlobalSection
	GlobalSection(SolutionProperties) = preSolution
		HideSolutionNode = FALSE
	EndGlobalSection
	GlobalSection(ExtensibilityGlobals) = postSolution
		SolutionGuid = {0F9FDFA2-BB98-47B7-931C-8A96F58F1026}
	EndGlobalSection
EndGlobal
